
Microsoft Visual Studio Solution File, Format Version 12.00
# Visual Studio Version 17
VisualStudioVersion = 17.13.35818.85 d17.13
MinimumVisualStudioVersion = 10.0.40219.1
Project("{FAE04EC0-301F-11D3-BF4B-00C04F79EFBC}") = "study13", "study13\study13.csproj", "{CC48AAB6-255B-462D-AC51-460C51F31E1A}"
EndProject
Global
	GlobalSection(SolutionConfigurationPlatforms) = preSolution
		Debug|Any CPU = Debug|Any CPU
		Release|Any CPU = Release|Any CPU
	EndGlobalSection
	GlobalSection(ProjectConfigurationPlatforms) = postSolution
		{CC48AAB6-255B-462D-AC51-460C51F31E1A}.Debug|Any CPU.ActiveCfg = Debug|Any CPU
		{CC48AAB6-255B-462D-AC51-460C51F31E1A}.Debug|Any CPU.Build.0 = Debug|Any CPU
		{CC48AAB6-255B-462D-AC51-460C51F31E1A}.Release|Any CPU.ActiveCfg = Release|Any CPU
		{CC48AAB6-255B-462D-AC51-460C51F31E1A}.Release|Any CPU.Build.0 = Release|Any CPU
	EndGlobalSection
	GlobalSection(SolutionProperties) = preSolution
		HideSolutionNode = FALSE
	EndGlobalSection
	GlobalSection(ExtensibilityGlobals) = postSolution
		SolutionGuid = {44DD2E91-0BE0-4836-8861-C31CB315D943}
	EndGlobalSection
EndGlobal
