
Microsoft Visual Studio Solution File, Format Version 12.00
# Visual Studio Version 17
VisualStudioVersion = 17.13.35818.85 d17.13
MinimumVisualStudioVersion = 10.0.40219.1
Project("{FAE04EC0-301F-11D3-BF4B-00C04F79EFBC}") = "study24", "study24\study24.csproj", "{3E450890-412A-47BA-97D7-538B5D2CBA5D}"
EndProject
Global
	GlobalSection(SolutionConfigurationPlatforms) = preSolution
		Debug|Any CPU = Debug|Any CPU
		Release|Any CPU = Release|Any CPU
	EndGlobalSection
	GlobalSection(ProjectConfigurationPlatforms) = postSolution
		{3E450890-412A-47BA-97D7-538B5D2CBA5D}.Debug|Any CPU.ActiveCfg = Debug|Any CPU
		{3E450890-412A-47BA-97D7-538B5D2CBA5D}.Debug|Any CPU.Build.0 = Debug|Any CPU
		{3E450890-412A-47BA-97D7-538B5D2CBA5D}.Release|Any CPU.ActiveCfg = Release|Any CPU
		{3E450890-412A-47BA-97D7-538B5D2CBA5D}.Release|Any CPU.Build.0 = Release|Any CPU
	EndGlobalSection
	GlobalSection(SolutionProperties) = preSolution
		HideSolutionNode = FALSE
	EndGlobalSection
	GlobalSection(ExtensibilityGlobals) = postSolution
		SolutionGuid = {8DC768D2-C041-4032-9B61-1F5189E54CCD}
	EndGlobalSection
EndGlobal
