
Microsoft Visual Studio Solution File, Format Version 12.00
# Visual Studio Version 17
VisualStudioVersion = 17.13.35818.85 d17.13
MinimumVisualStudioVersion = 10.0.40219.1
Project("{FAE04EC0-301F-11D3-BF4B-00C04F79EFBC}") = "likelionVarable", "likelionVarable\likelionVarable.csproj", "{C9F592C7-2F3E-481B-A49A-5C436E9FE7F0}"
EndProject
Global
	GlobalSection(SolutionConfigurationPlatforms) = preSolution
		Debug|Any CPU = Debug|Any CPU
		Release|Any CPU = Release|Any CPU
	EndGlobalSection
	GlobalSection(ProjectConfigurationPlatforms) = postSolution
		{C9F592C7-2F3E-481B-A49A-5C436E9FE7F0}.Debug|Any CPU.ActiveCfg = Debug|Any CPU
		{C9F592C7-2F3E-481B-A49A-5C436E9FE7F0}.Debug|Any CPU.Build.0 = Debug|Any CPU
		{C9F592C7-2F3E-481B-A49A-5C436E9FE7F0}.Release|Any CPU.ActiveCfg = Release|Any CPU
		{C9F592C7-2F3E-481B-A49A-5C436E9FE7F0}.Release|Any CPU.Build.0 = Release|Any CPU
	EndGlobalSection
	GlobalSection(SolutionProperties) = preSolution
		HideSolutionNode = FALSE
	EndGlobalSection
	GlobalSection(ExtensibilityGlobals) = postSolution
		SolutionGuid = {CC3DA92B-BE38-4C30-9EAD-9EB67DFED1AB}
	EndGlobalSection
EndGlobal
