
Microsoft Visual Studio Solution File, Format Version 12.00
# Visual Studio Version 17
VisualStudioVersion = 17.13.35818.85 d17.13
MinimumVisualStudioVersion = 10.0.40219.1
Project("{FAE04EC0-301F-11D3-BF4B-00C04F79EFBC}") = "콘솔좌표배우기", "콘솔좌표배우기\콘솔좌표배우기.csproj", "{46A60BDD-590C-4257-BBDB-9E4E17B698D4}"
EndProject
Global
	GlobalSection(SolutionConfigurationPlatforms) = preSolution
		Debug|Any CPU = Debug|Any CPU
		Release|Any CPU = Release|Any CPU
	EndGlobalSection
	GlobalSection(ProjectConfigurationPlatforms) = postSolution
		{46A60BDD-590C-4257-BBDB-9E4E17B698D4}.Debug|Any CPU.ActiveCfg = Debug|Any CPU
		{46A60BDD-590C-4257-BBDB-9E4E17B698D4}.Debug|Any CPU.Build.0 = Debug|Any CPU
		{46A60BDD-590C-4257-BBDB-9E4E17B698D4}.Release|Any CPU.ActiveCfg = Release|Any CPU
		{46A60BDD-590C-4257-BBDB-9E4E17B698D4}.Release|Any CPU.Build.0 = Release|Any CPU
	EndGlobalSection
	GlobalSection(SolutionProperties) = preSolution
		HideSolutionNode = FALSE
	EndGlobalSection
	GlobalSection(ExtensibilityGlobals) = postSolution
		SolutionGuid = {0D53403B-2173-4F35-A1C6-8C78B8261BCF}
	EndGlobalSection
EndGlobal
