
Microsoft Visual Studio Solution File, Format Version 12.00
# Visual Studio Version 17
VisualStudioVersion = 17.13.35818.85 d17.13
MinimumVisualStudioVersion = 10.0.40219.1
Project("{FAE04EC0-301F-11D3-BF4B-00C04F79EFBC}") = "study12", "study12\study12.csproj", "{D803F22D-7BE8-4C94-8A98-C3577D71A507}"
EndProject
Global
	GlobalSection(SolutionConfigurationPlatforms) = preSolution
		Debug|Any CPU = Debug|Any CPU
		Release|Any CPU = Release|Any CPU
	EndGlobalSection
	GlobalSection(ProjectConfigurationPlatforms) = postSolution
		{D803F22D-7BE8-4C94-8A98-C3577D71A507}.Debug|Any CPU.ActiveCfg = Debug|Any CPU
		{D803F22D-7BE8-4C94-8A98-C3577D71A507}.Debug|Any CPU.Build.0 = Debug|Any CPU
		{D803F22D-7BE8-4C94-8A98-C3577D71A507}.Release|Any CPU.ActiveCfg = Release|Any CPU
		{D803F22D-7BE8-4C94-8A98-C3577D71A507}.Release|Any CPU.Build.0 = Release|Any CPU
	EndGlobalSection
	GlobalSection(SolutionProperties) = preSolution
		HideSolutionNode = FALSE
	EndGlobalSection
	GlobalSection(ExtensibilityGlobals) = postSolution
		SolutionGuid = {89533A3C-34C7-4CE5-BE6D-0D64124425B9}
	EndGlobalSection
EndGlobal
