
Microsoft Visual Studio Solution File, Format Version 12.00
# Visual Studio Version 17
VisualStudioVersion = 17.13.35818.85 d17.13
MinimumVisualStudioVersion = 10.0.40219.1
Project("{FAE04EC0-301F-11D3-BF4B-00C04F79EFBC}") = "study11", "study11\study11.csproj", "{FB196B4D-4B67-432D-8EA1-36B6437B3019}"
EndProject
Global
	GlobalSection(SolutionConfigurationPlatforms) = preSolution
		Debug|Any CPU = Debug|Any CPU
		Release|Any CPU = Release|Any CPU
	EndGlobalSection
	GlobalSection(ProjectConfigurationPlatforms) = postSolution
		{FB196B4D-4B67-432D-8EA1-36B6437B3019}.Debug|Any CPU.ActiveCfg = Debug|Any CPU
		{FB196B4D-4B67-432D-8EA1-36B6437B3019}.Debug|Any CPU.Build.0 = Debug|Any CPU
		{FB196B4D-4B67-432D-8EA1-36B6437B3019}.Release|Any CPU.ActiveCfg = Release|Any CPU
		{FB196B4D-4B67-432D-8EA1-36B6437B3019}.Release|Any CPU.Build.0 = Release|Any CPU
	EndGlobalSection
	GlobalSection(SolutionProperties) = preSolution
		HideSolutionNode = FALSE
	EndGlobalSection
	GlobalSection(ExtensibilityGlobals) = postSolution
		SolutionGuid = {EA5ACB25-6774-416A-AD9C-E5021139FB56}
	EndGlobalSection
EndGlobal
